
Microsoft Visual Studio Solution File, Format Version 12.00
# Visual Studio Version 17
VisualStudioVersion = 17.8.34525.116
MinimumVisualStudioVersion = 10.0.40219.1
Project("{FAE04EC0-301F-11D3-BF4B-00C04F79EFBC}") = "OnlineShopping", "OnlineShopping\OnlineShopping.csproj", "{20ADB7EE-C450-4969-A3D2-1A1CD18F918A}"
EndProject
Global
	GlobalSection(SolutionConfigurationPlatforms) = preSolution
		Debug|Any CPU = Debug|Any CPU
		Release|Any CPU = Release|Any CPU
	EndGlobalSection
	GlobalSection(ProjectConfigurationPlatforms) = postSolution
		{20ADB7EE-C450-4969-A3D2-1A1CD18F918A}.Debug|Any CPU.ActiveCfg = Debug|Any CPU
		{20ADB7EE-C450-4969-A3D2-1A1CD18F918A}.Debug|Any CPU.Build.0 = Debug|Any CPU
		{20ADB7EE-C450-4969-A3D2-1A1CD18F918A}.Release|Any CPU.ActiveCfg = Release|Any CPU
		{20ADB7EE-C450-4969-A3D2-1A1CD18F918A}.Release|Any CPU.Build.0 = Release|Any CPU
	EndGlobalSection
	GlobalSection(SolutionProperties) = preSolution
		HideSolutionNode = FALSE
	EndGlobalSection
	GlobalSection(ExtensibilityGlobals) = postSolution
		SolutionGuid = {F6F86FA8-60AA-44D9-84DE-7C406B1C52DA}
	EndGlobalSection
EndGlobal
